
Microsoft Visual Studio Solution File, Format Version 12.00
# Visual Studio Version 16
VisualStudioVersion = 16.0.32901.82
MinimumVisualStudioVersion = 10.0.40219.1
Project("{FAE04EC0-301F-11D3-BF4B-00C04F79EFBC}") = "CSharp", "CSharp\CSharp.csproj", "{54790B83-42FD-462C-930D-2EB87D2807E5}"
EndProject
Global
	GlobalSection(SolutionConfigurationPlatforms) = preSolution
		Debug|Any CPU = Debug|Any CPU
		Release|Any CPU = Release|Any CPU
	EndGlobalSection
	GlobalSection(ProjectConfigurationPlatforms) = postSolution
		{54790B83-42FD-462C-930D-2EB87D2807E5}.Debug|Any CPU.ActiveCfg = Debug|Any CPU
		{54790B83-42FD-462C-930D-2EB87D2807E5}.Debug|Any CPU.Build.0 = Debug|Any CPU
		{54790B83-42FD-462C-930D-2EB87D2807E5}.Release|Any CPU.ActiveCfg = Release|Any CPU
		{54790B83-42FD-462C-930D-2EB87D2807E5}.Release|Any CPU.Build.0 = Release|Any CPU
	EndGlobalSection
	GlobalSection(SolutionProperties) = preSolution
		HideSolutionNode = FALSE
	EndGlobalSection
	GlobalSection(ExtensibilityGlobals) = postSolution
		SolutionGuid = {36088805-AF9A-4F13-95AC-5DE6EE18E77F}
	EndGlobalSection
EndGlobal
